
Microsoft Visual Studio Solution File, Format Version 12.00
# Visual Studio 2012
Project("{FAE04EC0-301F-11D3-BF4B-00C04F79EFBC}") = "FerretLib.WinForms", "FerretLib.WinForms\FerretLib.WinForms.csproj", "{1BBD5465-2F72-430B-B899-926F03FEF87B}"
EndProject
Project("{FAE04EC0-301F-11D3-BF4B-00C04F79EFBC}") = "FerretLib.WinForms.Demo", "FerretLib.WinForms.Demo\FerretLib.WinForms.Demo.csproj", "{F4933B6F-A2F0-4A3A-8B25-716369C7C092}"
EndProject
Global
	GlobalSection(SolutionConfigurationPlatforms) = preSolution
		Debug|Any CPU = Debug|Any CPU
		Release|Any CPU = Release|Any CPU
	EndGlobalSection
	GlobalSection(ProjectConfigurationPlatforms) = postSolution
		{1BBD5465-2F72-430B-B899-926F03FEF87B}.Debug|Any CPU.ActiveCfg = Debug|Any CPU
		{1BBD5465-2F72-430B-B899-926F03FEF87B}.Debug|Any CPU.Build.0 = Debug|Any CPU
		{1BBD5465-2F72-430B-B899-926F03FEF87B}.Release|Any CPU.ActiveCfg = Release|Any CPU
		{1BBD5465-2F72-430B-B899-926F03FEF87B}.Release|Any CPU.Build.0 = Release|Any CPU
		{F4933B6F-A2F0-4A3A-8B25-716369C7C092}.Debug|Any CPU.ActiveCfg = Debug|Any CPU
		{F4933B6F-A2F0-4A3A-8B25-716369C7C092}.Debug|Any CPU.Build.0 = Debug|Any CPU
		{F4933B6F-A2F0-4A3A-8B25-716369C7C092}.Release|Any CPU.ActiveCfg = Release|Any CPU
		{F4933B6F-A2F0-4A3A-8B25-716369C7C092}.Release|Any CPU.Build.0 = Release|Any CPU
	EndGlobalSection
	GlobalSection(SolutionProperties) = preSolution
		HideSolutionNode = FALSE
	EndGlobalSection
EndGlobal
